
Microsoft Visual Studio Solution File, Format Version 12.00
# Visual Studio 15
VisualStudioVersion = 15.0.27703.2000
MinimumVisualStudioVersion = 10.0.40219.1
Project("{FAE04EC0-301F-11D3-BF4B-00C04F79EFBC}") = "SOAPWebServices.Core", "SOAPWebServices.Core\SOAPWebServices.Core.csproj", "{6C426DEB-F0EC-4009-9B6C-3D7793223BED}"
EndProject
Project("{FAE04EC0-301F-11D3-BF4B-00C04F79EFBC}") = "SOAPWebServices.Entities", "SOAPWebServices.Entities\SOAPWebServices.Entities.csproj", "{ABB4ACC7-CB8E-442C-A830-DA6548AB7011}"
EndProject
Global
	GlobalSection(SolutionConfigurationPlatforms) = preSolution
		Debug|Any CPU = Debug|Any CPU
		Release|Any CPU = Release|Any CPU
	EndGlobalSection
	GlobalSection(ProjectConfigurationPlatforms) = postSolution
		{6C426DEB-F0EC-4009-9B6C-3D7793223BED}.Debug|Any CPU.ActiveCfg = Debug|Any CPU
		{6C426DEB-F0EC-4009-9B6C-3D7793223BED}.Debug|Any CPU.Build.0 = Debug|Any CPU
		{6C426DEB-F0EC-4009-9B6C-3D7793223BED}.Release|Any CPU.ActiveCfg = Release|Any CPU
		{6C426DEB-F0EC-4009-9B6C-3D7793223BED}.Release|Any CPU.Build.0 = Release|Any CPU
		{ABB4ACC7-CB8E-442C-A830-DA6548AB7011}.Debug|Any CPU.ActiveCfg = Debug|Any CPU
		{ABB4ACC7-CB8E-442C-A830-DA6548AB7011}.Debug|Any CPU.Build.0 = Debug|Any CPU
		{ABB4ACC7-CB8E-442C-A830-DA6548AB7011}.Release|Any CPU.ActiveCfg = Release|Any CPU
		{ABB4ACC7-CB8E-442C-A830-DA6548AB7011}.Release|Any CPU.Build.0 = Release|Any CPU
	EndGlobalSection
	GlobalSection(SolutionProperties) = preSolution
		HideSolutionNode = FALSE
	EndGlobalSection
	GlobalSection(ExtensibilityGlobals) = postSolution
		SolutionGuid = {765CF232-A501-4ECB-98C2-4390143A61BC}
	EndGlobalSection
EndGlobal
