
Microsoft Visual Studio Solution File, Format Version 12.00
# Visual Studio 15
VisualStudioVersion = 15.0.27703.2000
MinimumVisualStudioVersion = 10.0.40219.1
Project("{FAE04EC0-301F-11D3-BF4B-00C04F79EFBC}") = "WebSite.Site", "WebSite.Site\WebSite.Site.csproj", "{4D61DE00-D625-41A5-9C89-7A291E86768D}"
EndProject
Project("{FAE04EC0-301F-11D3-BF4B-00C04F79EFBC}") = "WebSite.WebApi", "WebSite.WebApi\WebSite.WebApi.csproj", "{83A2CA27-78D8-4605-A8C6-D3896AC76E72}"
EndProject
Project("{FAE04EC0-301F-11D3-BF4B-00C04F79EFBC}") = "WebSite.Service", "WebSite.Service\WebSite.Service.csproj", "{98690416-4621-4C30-9878-834293BA1728}"
EndProject
Project("{FAE04EC0-301F-11D3-BF4B-00C04F79EFBC}") = "WebSite.Test", "WebSite.Test\WebSite.Test.csproj", "{5BF2A238-3B3C-4EC5-AE6D-F42FA2C845FD}"
EndProject
Global
	GlobalSection(SolutionConfigurationPlatforms) = preSolution
		Debug|Any CPU = Debug|Any CPU
		Release|Any CPU = Release|Any CPU
	EndGlobalSection
	GlobalSection(ProjectConfigurationPlatforms) = postSolution
		{4D61DE00-D625-41A5-9C89-7A291E86768D}.Debug|Any CPU.ActiveCfg = Debug|Any CPU
		{4D61DE00-D625-41A5-9C89-7A291E86768D}.Debug|Any CPU.Build.0 = Debug|Any CPU
		{4D61DE00-D625-41A5-9C89-7A291E86768D}.Release|Any CPU.ActiveCfg = Release|Any CPU
		{4D61DE00-D625-41A5-9C89-7A291E86768D}.Release|Any CPU.Build.0 = Release|Any CPU
		{83A2CA27-78D8-4605-A8C6-D3896AC76E72}.Debug|Any CPU.ActiveCfg = Debug|Any CPU
		{83A2CA27-78D8-4605-A8C6-D3896AC76E72}.Debug|Any CPU.Build.0 = Debug|Any CPU
		{83A2CA27-78D8-4605-A8C6-D3896AC76E72}.Release|Any CPU.ActiveCfg = Release|Any CPU
		{83A2CA27-78D8-4605-A8C6-D3896AC76E72}.Release|Any CPU.Build.0 = Release|Any CPU
		{98690416-4621-4C30-9878-834293BA1728}.Debug|Any CPU.ActiveCfg = Debug|Any CPU
		{98690416-4621-4C30-9878-834293BA1728}.Debug|Any CPU.Build.0 = Debug|Any CPU
		{98690416-4621-4C30-9878-834293BA1728}.Release|Any CPU.ActiveCfg = Release|Any CPU
		{98690416-4621-4C30-9878-834293BA1728}.Release|Any CPU.Build.0 = Release|Any CPU
		{5BF2A238-3B3C-4EC5-AE6D-F42FA2C845FD}.Debug|Any CPU.ActiveCfg = Debug|Any CPU
		{5BF2A238-3B3C-4EC5-AE6D-F42FA2C845FD}.Debug|Any CPU.Build.0 = Debug|Any CPU
		{5BF2A238-3B3C-4EC5-AE6D-F42FA2C845FD}.Release|Any CPU.ActiveCfg = Release|Any CPU
		{5BF2A238-3B3C-4EC5-AE6D-F42FA2C845FD}.Release|Any CPU.Build.0 = Release|Any CPU
	EndGlobalSection
	GlobalSection(SolutionProperties) = preSolution
		HideSolutionNode = FALSE
	EndGlobalSection
	GlobalSection(ExtensibilityGlobals) = postSolution
		SolutionGuid = {E7F8347D-1265-4F40-A5AC-E7D0CD844B11}
	EndGlobalSection
EndGlobal
